// !$*UTF8*$!
{
	archiveVersion = 1;
	classes = {
	};
	objectVersion = 51;
	objects = {

/* Begin PBXBuildFile section */
		2D41D91B25AF7BA70060EE4A /* AppDelegate.swift in Sources */ = {isa = PBXBuildFile; fileRef = 2D41D91A25AF7BA70060EE4A /* AppDelegate.swift */; };
		2D41D91D25AF7BA70060EE4A /* SceneDelegate.swift in Sources */ = {isa = PBXBuildFile; fileRef = 2D41D91C25AF7BA70060EE4A /* SceneDelegate.swift */; };
		2D41D91F25AF7BA70060EE4A /* TimelineViewController.swift in Sources */ = {isa = PBXBuildFile; fileRef = 2D41D91E25AF7BA70060EE4A /* TimelineViewController.swift */; };
		2D41D92225AF7BA70060EE4A /* Main.storyboard in Resources */ = {isa = PBXBuildFile; fileRef = 2D41D92025AF7BA70060EE4A /* Main.storyboard */; };
		2D41D92425AF7BAA0060EE4A /* Assets.xcassets in Resources */ = {isa = PBXBuildFile; fileRef = 2D41D92325AF7BAA0060EE4A /* Assets.xcassets */; };
		2D41D92725AF7BAA0060EE4A /* LaunchScreen.storyboard in Resources */ = {isa = PBXBuildFile; fileRef = 2D41D92525AF7BAA0060EE4A /* LaunchScreen.storyboard */; };
		2D41D95925AF85B60060EE4A /* NotificationViewController.swift in Sources */ = {isa = PBXBuildFile; fileRef = 2D41D95825AF85B60060EE4A /* NotificationViewController.swift */; };
		2D41D96125AF85C00060EE4A /* ProfileViewController.swift in Sources */ = {isa = PBXBuildFile; fileRef = 2D41D96025AF85C00060EE4A /* ProfileViewController.swift */; };
		2D41D96625AF85CE0060EE4A /* ExploreViewController.swift in Sources */ = {isa = PBXBuildFile; fileRef = 2D41D96525AF85CE0060EE4A /* ExploreViewController.swift */; };
		2D41D96B25AF8DCB0060EE4A /* CameraViewController.swift in Sources */ = {isa = PBXBuildFile; fileRef = 2D41D96A25AF8DCB0060EE4A /* CameraViewController.swift */; };
		2D534A5B25AFA883003B1686 /* GoogleService-Info.plist in Resources */ = {isa = PBXBuildFile; fileRef = 2D534A5A25AFA883003B1686 /* GoogleService-Info.plist */; };
		2D534A6025AFAAA6003B1686 /* LoginViewController.swift in Sources */ = {isa = PBXBuildFile; fileRef = 2D534A5F25AFAAA6003B1686 /* LoginViewController.swift */; };
		2D534A6825AFAAC3003B1686 /* RegistrationViewController.swift in Sources */ = {isa = PBXBuildFile; fileRef = 2D534A6725AFAAC3003B1686 /* RegistrationViewController.swift */; };
		2D534A7325AFAF8B003B1686 /* AuthManger.swift in Sources */ = {isa = PBXBuildFile; fileRef = 2D534A7225AFAF8B003B1686 /* AuthManger.swift */; };
		2D534A7825AFB041003B1686 /* DatabaseManager.swift in Sources */ = {isa = PBXBuildFile; fileRef = 2D534A7725AFB041003B1686 /* DatabaseManager.swift */; };
		2D534A7D25AFB04B003B1686 /* StorageManager.swift in Sources */ = {isa = PBXBuildFile; fileRef = 2D534A7C25AFB04B003B1686 /* StorageManager.swift */; };
		2D980FDE25B13EB100E6DC82 /* ActionButtonViewController.swift in Sources */ = {isa = PBXBuildFile; fileRef = 2D980FDD25B13EB100E6DC82 /* ActionButtonViewController.swift */; };
		2D98103525B1F7D600E6DC82 /* Extensions.swift in Sources */ = {isa = PBXBuildFile; fileRef = 2D98103425B1F7D600E6DC82 /* Extensions.swift */; };
		2D98104925B350AF00E6DC82 /* MapViewController.swift in Sources */ = {isa = PBXBuildFile; fileRef = 2D98104825B350AF00E6DC82 /* MapViewController.swift */; };
		2D98104E25B38D7A00E6DC82 /* Map1ViewController.swift in Sources */ = {isa = PBXBuildFile; fileRef = 2D98104D25B38D7A00E6DC82 /* Map1ViewController.swift */; };
		2DA4136725B640DF00181556 /* LocationPickerViewController.swift in Sources */ = {isa = PBXBuildFile; fileRef = 2DA4136625B640DF00181556 /* LocationPickerViewController.swift */; };
		2DA4136C25B8844700181556 /* SettingViewController.swift in Sources */ = {isa = PBXBuildFile; fileRef = 2DA4136B25B8844700181556 /* SettingViewController.swift */; };
		76A4A7A6003640D14637D928 /* Pods_Pathy_PathyUITests.framework in Frameworks */ = {isa = PBXBuildFile; fileRef = 6C535B509E7F02C6B489829F /* Pods_Pathy_PathyUITests.framework */; };
		9B5F8404A1EB563882E10097 /* Pods_PathyTests.framework in Frameworks */ = {isa = PBXBuildFile; fileRef = 783B0EE526BA4607C2EF7516 /* Pods_PathyTests.framework */; };
		CBDAE45B6EDF97E0EE177B56 /* Pods_Pathy.framework in Frameworks */ = {isa = PBXBuildFile; fileRef = 5E809C7ACAECC974B33AA57A /* Pods_Pathy.framework */; };
/* End PBXBuildFile section */

/* Begin PBXContainerItemProxy section */
		2D41D92E25AF7BAA0060EE4A /* PBXContainerItemProxy */ = {
			isa = PBXContainerItemProxy;
			containerPortal = 2D41D90F25AF7BA70060EE4A /* Project object */;
			proxyType = 1;
			remoteGlobalIDString = 2D41D91625AF7BA70060EE4A;
			remoteInfo = Pathy;
		};
		2D41D93925AF7BAA0060EE4A /* PBXContainerItemProxy */ = {
			isa = PBXContainerItemProxy;
			containerPortal = 2D41D90F25AF7BA70060EE4A /* Project object */;
			proxyType = 1;
			remoteGlobalIDString = 2D41D91625AF7BA70060EE4A;
			remoteInfo = Pathy;
		};
/* End PBXContainerItemProxy section */

/* Begin PBXFileReference section */
		13CCD116461419DB692A6566 /* Pods-Pathy-PathyUITests.release.xcconfig */ = {isa = PBXFileReference; includeInIndex = 1; lastKnownFileType = text.xcconfig; name = "Pods-Pathy-PathyUITests.release.xcconfig"; path = "Target Support Files/Pods-Pathy-PathyUITests/Pods-Pathy-PathyUITests.release.xcconfig"; sourceTree = "<group>"; };
		1CE0FBE79BC7FA49E841403A /* Pods-PathyTests.debug.xcconfig */ = {isa = PBXFileReference; includeInIndex = 1; lastKnownFileType = text.xcconfig; name = "Pods-PathyTests.debug.xcconfig"; path = "Target Support Files/Pods-PathyTests/Pods-PathyTests.debug.xcconfig"; sourceTree = "<group>"; };
		2D41D91725AF7BA70060EE4A /* Pathy.app */ = {isa = PBXFileReference; explicitFileType = wrapper.application; includeInIndex = 0; path = Pathy.app; sourceTree = BUILT_PRODUCTS_DIR; };
		2D41D91A25AF7BA70060EE4A /* AppDelegate.swift */ = {isa = PBXFileReference; lastKnownFileType = sourcecode.swift; path = AppDelegate.swift; sourceTree = "<group>"; };
		2D41D91C25AF7BA70060EE4A /* SceneDelegate.swift */ = {isa = PBXFileReference; lastKnownFileType = sourcecode.swift; path = SceneDelegate.swift; sourceTree = "<group>"; };
		2D41D91E25AF7BA70060EE4A /* TimelineViewController.swift */ = {isa = PBXFileReference; lastKnownFileType = sourcecode.swift; path = TimelineViewController.swift; sourceTree = "<group>"; };
		2D41D92125AF7BA70060EE4A /* Base */ = {isa = PBXFileReference; lastKnownFileType = file.storyboard; name = Base; path = Base.lproj/Main.storyboard; sourceTree = "<group>"; };
		2D41D92325AF7BAA0060EE4A /* Assets.xcassets */ = {isa = PBXFileReference; lastKnownFileType = folder.assetcatalog; path = Assets.xcassets; sourceTree = "<group>"; };
		2D41D92625AF7BAA0060EE4A /* Base */ = {isa = PBXFileReference; lastKnownFileType = file.storyboard; name = Base; path = Base.lproj/LaunchScreen.storyboard; sourceTree = "<group>"; };
		2D41D92825AF7BAA0060EE4A /* Info.plist */ = {isa = PBXFileReference; lastKnownFileType = text.plist.xml; path = Info.plist; sourceTree = "<group>"; };
		2D41D92D25AF7BAA0060EE4A /* PathyTests.xctest */ = {isa = PBXFileReference; explicitFileType = wrapper.cfbundle; includeInIndex = 0; path = PathyTests.xctest; sourceTree = BUILT_PRODUCTS_DIR; };
		2D41D93825AF7BAA0060EE4A /* PathyUITests.xctest */ = {isa = PBXFileReference; explicitFileType = wrapper.cfbundle; includeInIndex = 0; path = PathyUITests.xctest; sourceTree = BUILT_PRODUCTS_DIR; };
		2D41D95825AF85B60060EE4A /* NotificationViewController.swift */ = {isa = PBXFileReference; lastKnownFileType = sourcecode.swift; path = NotificationViewController.swift; sourceTree = "<group>"; };
		2D41D96025AF85C00060EE4A /* ProfileViewController.swift */ = {isa = PBXFileReference; lastKnownFileType = sourcecode.swift; path = ProfileViewController.swift; sourceTree = "<group>"; };
		2D41D96525AF85CE0060EE4A /* ExploreViewController.swift */ = {isa = PBXFileReference; lastKnownFileType = sourcecode.swift; path = ExploreViewController.swift; sourceTree = "<group>"; };
		2D41D96A25AF8DCB0060EE4A /* CameraViewController.swift */ = {isa = PBXFileReference; lastKnownFileType = sourcecode.swift; path = CameraViewController.swift; sourceTree = "<group>"; };
		2D534A5A25AFA883003B1686 /* GoogleService-Info.plist */ = {isa = PBXFileReference; fileEncoding = 4; lastKnownFileType = text.plist.xml; path = "GoogleService-Info.plist"; sourceTree = "<group>"; };
		2D534A5F25AFAAA6003B1686 /* LoginViewController.swift */ = {isa = PBXFileReference; lastKnownFileType = sourcecode.swift; path = LoginViewController.swift; sourceTree = "<group>"; };
		2D534A6725AFAAC3003B1686 /* RegistrationViewController.swift */ = {isa = PBXFileReference; lastKnownFileType = sourcecode.swift; path = RegistrationViewController.swift; sourceTree = "<group>"; };
		2D534A6E25AFAE1C003B1686 /* Assets.xcassets */ = {isa = PBXFileReference; lastKnownFileType = folder.assetcatalog; path = Assets.xcassets; sourceTree = "<group>"; };
		2D534A7225AFAF8B003B1686 /* AuthManger.swift */ = {isa = PBXFileReference; lastKnownFileType = sourcecode.swift; path = AuthManger.swift; sourceTree = "<group>"; };
		2D534A7725AFB041003B1686 /* DatabaseManager.swift */ = {isa = PBXFileReference; lastKnownFileType = sourcecode.swift; path = DatabaseManager.swift; sourceTree = "<group>"; };
		2D534A7C25AFB04B003B1686 /* StorageManager.swift */ = {isa = PBXFileReference; lastKnownFileType = sourcecode.swift; path = StorageManager.swift; sourceTree = "<group>"; };
		2D980FDD25B13EB100E6DC82 /* ActionButtonViewController.swift */ = {isa = PBXFileReference; lastKnownFileType = sourcecode.swift; path = ActionButtonViewController.swift; sourceTree = "<group>"; };
		2D98103425B1F7D600E6DC82 /* Extensions.swift */ = {isa = PBXFileReference; lastKnownFileType = sourcecode.swift; path = Extensions.swift; sourceTree = "<group>"; };
		2D98104825B350AF00E6DC82 /* MapViewController.swift */ = {isa = PBXFileReference; lastKnownFileType = sourcecode.swift; path = MapViewController.swift; sourceTree = "<group>"; };
		2D98104D25B38D7A00E6DC82 /* Map1ViewController.swift */ = {isa = PBXFileReference; lastKnownFileType = sourcecode.swift; path = Map1ViewController.swift; sourceTree = "<group>"; };
		2DA4136625B640DF00181556 /* LocationPickerViewController.swift */ = {isa = PBXFileReference; lastKnownFileType = sourcecode.swift; path = LocationPickerViewController.swift; sourceTree = "<group>"; };
		2DA4136B25B8844700181556 /* SettingViewController.swift */ = {isa = PBXFileReference; lastKnownFileType = sourcecode.swift; path = SettingViewController.swift; sourceTree = "<group>"; };
		4F618B133C5B1BF39B891F63 /* Pods-Pathy.debug.xcconfig */ = {isa = PBXFileReference; includeInIndex = 1; lastKnownFileType = text.xcconfig; name = "Pods-Pathy.debug.xcconfig"; path = "Target Support Files/Pods-Pathy/Pods-Pathy.debug.xcconfig"; sourceTree = "<group>"; };
		55F1576A3D97591A395F40B1 /* Pods-Pathy.release.xcconfig */ = {isa = PBXFileReference; includeInIndex = 1; lastKnownFileType = text.xcconfig; name = "Pods-Pathy.release.xcconfig"; path = "Target Support Files/Pods-Pathy/Pods-Pathy.release.xcconfig"; sourceTree = "<group>"; };
		5E809C7ACAECC974B33AA57A /* Pods_Pathy.framework */ = {isa = PBXFileReference; explicitFileType = wrapper.framework; includeInIndex = 0; path = Pods_Pathy.framework; sourceTree = BUILT_PRODUCTS_DIR; };
		6C535B509E7F02C6B489829F /* Pods_Pathy_PathyUITests.framework */ = {isa = PBXFileReference; explicitFileType = wrapper.framework; includeInIndex = 0; path = Pods_Pathy_PathyUITests.framework; sourceTree = BUILT_PRODUCTS_DIR; };
		783B0EE526BA4607C2EF7516 /* Pods_PathyTests.framework */ = {isa = PBXFileReference; explicitFileType = wrapper.framework; includeInIndex = 0; path = Pods_PathyTests.framework; sourceTree = BUILT_PRODUCTS_DIR; };
		786BA7425638CC8E562E23BB /* Pods-Pathy-PathyUITests.debug.xcconfig */ = {isa = PBXFileReference; includeInIndex = 1; lastKnownFileType = text.xcconfig; name = "Pods-Pathy-PathyUITests.debug.xcconfig"; path = "Target Support Files/Pods-Pathy-PathyUITests/Pods-Pathy-PathyUITests.debug.xcconfig"; sourceTree = "<group>"; };
		7D022885FB78E14B0CA727FD /* Pods-PathyTests.release.xcconfig */ = {isa = PBXFileReference; includeInIndex = 1; lastKnownFileType = text.xcconfig; name = "Pods-PathyTests.release.xcconfig"; path = "Target Support Files/Pods-PathyTests/Pods-PathyTests.release.xcconfig"; sourceTree = "<group>"; };
/* End PBXFileReference section */

/* Begin PBXFrameworksBuildPhase section */
		2D41D91425AF7BA70060EE4A /* Frameworks */ = {
			isa = PBXFrameworksBuildPhase;
			buildActionMask = 2147483647;
			files = (
				CBDAE45B6EDF97E0EE177B56 /* Pods_Pathy.framework in Frameworks */,
			);
			runOnlyForDeploymentPostprocessing = 0;
		};
		2D41D92A25AF7BAA0060EE4A /* Frameworks */ = {
			isa = PBXFrameworksBuildPhase;
			buildActionMask = 2147483647;
			files = (
				9B5F8404A1EB563882E10097 /* Pods_PathyTests.framework in Frameworks */,
			);
			runOnlyForDeploymentPostprocessing = 0;
		};
		2D41D93525AF7BAA0060EE4A /* Frameworks */ = {
			isa = PBXFrameworksBuildPhase;
			buildActionMask = 2147483647;
			files = (
				76A4A7A6003640D14637D928 /* Pods_Pathy_PathyUITests.framework in Frameworks */,
			);
			runOnlyForDeploymentPostprocessing = 0;
		};
/* End PBXFrameworksBuildPhase section */

/* Begin PBXGroup section */
		2D41D90E25AF7BA70060EE4A = {
			isa = PBXGroup;
			children = (
				2D534A6C25AFAE1C003B1686 /* View */,
				2D41D91925AF7BA70060EE4A /* Pathy */,
				2D41D91825AF7BA70060EE4A /* Products */,
				6C8188A69103577051193345 /* Pods */,
				D9335CDA9F44A52BE982A73B /* Frameworks */,
			);
			sourceTree = "<group>";
		};
		2D41D91825AF7BA70060EE4A /* Products */ = {
			isa = PBXGroup;
			children = (
				2D41D91725AF7BA70060EE4A /* Pathy.app */,
				2D41D92D25AF7BAA0060EE4A /* PathyTests.xctest */,
				2D41D93825AF7BAA0060EE4A /* PathyUITests.xctest */,
			);
			name = Products;
			sourceTree = "<group>";
		};
		2D41D91925AF7BA70060EE4A /* Pathy */ = {
			isa = PBXGroup;
			children = (
				2D98103F25B34AFC00E6DC82 /* Map */,
				2D41D94D25AF7C220060EE4A /* Resources */,
				2D41D95325AF7C690060EE4A /* View */,
				2D980FDC25B13E7D00E6DC82 /* Action button */,
				2D534A5925AFA862003B1686 /* Onboarding */,
				2D41D95225AF7C520060EE4A /* Controllers */,
				2D41D95125AF7C440060EE4A /* Models */,
				2D41D92825AF7BAA0060EE4A /* Info.plist */,
			);
			path = Pathy;
			sourceTree = "<group>";
		};
		2D41D94D25AF7C220060EE4A /* Resources */ = {
			isa = PBXGroup;
			children = (
				2D534A5A25AFA883003B1686 /* GoogleService-Info.plist */,
				2D41D91A25AF7BA70060EE4A /* AppDelegate.swift */,
				2D41D91C25AF7BA70060EE4A /* SceneDelegate.swift */,
				2D534A7225AFAF8B003B1686 /* AuthManger.swift */,
				2D534A7725AFB041003B1686 /* DatabaseManager.swift */,
				2D534A7C25AFB04B003B1686 /* StorageManager.swift */,
				2D98103425B1F7D600E6DC82 /* Extensions.swift */,
			);
			path = Resources;
			sourceTree = "<group>";
		};
		2D41D95125AF7C440060EE4A /* Models */ = {
			isa = PBXGroup;
			children = (
			);
			path = Models;
			sourceTree = "<group>";
		};
		2D41D95225AF7C520060EE4A /* Controllers */ = {
			isa = PBXGroup;
			children = (
				2D41D91E25AF7BA70060EE4A /* TimelineViewController.swift */,
				2D41D96525AF85CE0060EE4A /* ExploreViewController.swift */,
				2D41D96A25AF8DCB0060EE4A /* CameraViewController.swift */,
				2D41D95825AF85B60060EE4A /* NotificationViewController.swift */,
				2D41D96025AF85C00060EE4A /* ProfileViewController.swift */,
				2DA4136B25B8844700181556 /* SettingViewController.swift */,
			);
			path = Controllers;
			sourceTree = "<group>";
		};
		2D41D95325AF7C690060EE4A /* View */ = {
			isa = PBXGroup;
			children = (
				2D41D95425AF7C8F0060EE4A /* Storyboards */,
				2D41D92525AF7BAA0060EE4A /* LaunchScreen.storyboard */,
			);
			path = View;
			sourceTree = "<group>";
		};
		2D41D95425AF7C8F0060EE4A /* Storyboards */ = {
			isa = PBXGroup;
			children = (
				2D41D92025AF7BA70060EE4A /* Main.storyboard */,
				2D41D92325AF7BAA0060EE4A /* Assets.xcassets */,
			);
			path = Storyboards;
			sourceTree = "<group>";
		};
		2D534A5925AFA862003B1686 /* Onboarding */ = {
			isa = PBXGroup;
			children = (
				2D534A5F25AFAAA6003B1686 /* LoginViewController.swift */,
				2D534A6725AFAAC3003B1686 /* RegistrationViewController.swift */,
			);
			path = Onboarding;
			sourceTree = "<group>";
		};
		2D534A6C25AFAE1C003B1686 /* View */ = {
			isa = PBXGroup;
			children = (
				2D534A6D25AFAE1C003B1686 /* Storyboards */,
			);
			path = View;
			sourceTree = "<group>";
		};
		2D534A6D25AFAE1C003B1686 /* Storyboards */ = {
			isa = PBXGroup;
			children = (
				2D534A6E25AFAE1C003B1686 /* Assets.xcassets */,
			);
			path = Storyboards;
			sourceTree = "<group>";
		};
		2D980FDC25B13E7D00E6DC82 /* Action button */ = {
			isa = PBXGroup;
			children = (
				2D980FDD25B13EB100E6DC82 /* ActionButtonViewController.swift */,
			);
			path = "Action button";
			sourceTree = "<group>";
		};
		2D98103F25B34AFC00E6DC82 /* Map */ = {
			isa = PBXGroup;
			children = (
				2D98104825B350AF00E6DC82 /* MapViewController.swift */,
				2D98104D25B38D7A00E6DC82 /* Map1ViewController.swift */,
				2DA4136625B640DF00181556 /* LocationPickerViewController.swift */,
			);
			path = Map;
			sourceTree = "<group>";
		};
		6C8188A69103577051193345 /* Pods */ = {
			isa = PBXGroup;
			children = (
				4F618B133C5B1BF39B891F63 /* Pods-Pathy.debug.xcconfig */,
				55F1576A3D97591A395F40B1 /* Pods-Pathy.release.xcconfig */,
				786BA7425638CC8E562E23BB /* Pods-Pathy-PathyUITests.debug.xcconfig */,
				13CCD116461419DB692A6566 /* Pods-Pathy-PathyUITests.release.xcconfig */,
				1CE0FBE79BC7FA49E841403A /* Pods-PathyTests.debug.xcconfig */,
				7D022885FB78E14B0CA727FD /* Pods-PathyTests.release.xcconfig */,
			);
			path = Pods;
			sourceTree = "<group>";
		};
		D9335CDA9F44A52BE982A73B /* Frameworks */ = {
			isa = PBXGroup;
			children = (
				5E809C7ACAECC974B33AA57A /* Pods_Pathy.framework */,
				6C535B509E7F02C6B489829F /* Pods_Pathy_PathyUITests.framework */,
				783B0EE526BA4607C2EF7516 /* Pods_PathyTests.framework */,
			);
			name = Frameworks;
			sourceTree = "<group>";
		};
/* End PBXGroup section */

/* Begin PBXNativeTarget section */
		2D41D91625AF7BA70060EE4A /* Pathy */ = {
			isa = PBXNativeTarget;
			buildConfigurationList = 2D41D94125AF7BAA0060EE4A /* Build configuration list for PBXNativeTarget "Pathy" */;
			buildPhases = (
				E476A71E6071282DE2AB18EE /* [CP] Check Pods Manifest.lock */,
				2D41D91325AF7BA70060EE4A /* Sources */,
				2D41D91425AF7BA70060EE4A /* Frameworks */,
				2D41D91525AF7BA70060EE4A /* Resources */,
				2445E2289FA9898066FEC995 /* [CP] Embed Pods Frameworks */,
			);
			buildRules = (
			);
			dependencies = (
			);
			name = Pathy;
			productName = Pathy;
			productReference = 2D41D91725AF7BA70060EE4A /* Pathy.app */;
			productType = "com.apple.product-type.application";
		};
		2D41D92C25AF7BAA0060EE4A /* PathyTests */ = {
			isa = PBXNativeTarget;
			buildConfigurationList = 2D41D94425AF7BAA0060EE4A /* Build configuration list for PBXNativeTarget "PathyTests" */;
			buildPhases = (
				47150DB7611C2F3ACD9A3DDA /* [CP] Check Pods Manifest.lock */,
				2D41D92925AF7BAA0060EE4A /* Sources */,
				2D41D92A25AF7BAA0060EE4A /* Frameworks */,
				2D41D92B25AF7BAA0060EE4A /* Resources */,
			);
			buildRules = (
			);
			dependencies = (
				2D41D92F25AF7BAA0060EE4A /* PBXTargetDependency */,
			);
			name = PathyTests;
			productName = PathyTests;
			productReference = 2D41D92D25AF7BAA0060EE4A /* PathyTests.xctest */;
			productType = "com.apple.product-type.bundle.unit-test";
		};
		2D41D93725AF7BAA0060EE4A /* PathyUITests */ = {
			isa = PBXNativeTarget;
			buildConfigurationList = 2D41D94725AF7BAA0060EE4A /* Build configuration list for PBXNativeTarget "PathyUITests" */;
			buildPhases = (
				DBA7618DE187A74ECE67269E /* [CP] Check Pods Manifest.lock */,
				2D41D93425AF7BAA0060EE4A /* Sources */,
				2D41D93525AF7BAA0060EE4A /* Frameworks */,
				2D41D93625AF7BAA0060EE4A /* Resources */,
				28D53236531AF6D6395CC668 /* [CP] Embed Pods Frameworks */,
			);
			buildRules = (
			);
			dependencies = (
				2D41D93A25AF7BAA0060EE4A /* PBXTargetDependency */,
			);
			name = PathyUITests;
			productName = PathyUITests;
			productReference = 2D41D93825AF7BAA0060EE4A /* PathyUITests.xctest */;
			productType = "com.apple.product-type.bundle.ui-testing";
		};
/* End PBXNativeTarget section */

/* Begin PBXProject section */
		2D41D90F25AF7BA70060EE4A /* Project object */ = {
			isa = PBXProject;
			attributes = {
				LastSwiftUpdateCheck = 1220;
				LastUpgradeCheck = 1220;
				TargetAttributes = {
					2D41D91625AF7BA70060EE4A = {
						CreatedOnToolsVersion = 12.2;
					};
					2D41D92C25AF7BAA0060EE4A = {
						CreatedOnToolsVersion = 12.2;
						TestTargetID = 2D41D91625AF7BA70060EE4A;
					};
					2D41D93725AF7BAA0060EE4A = {
						CreatedOnToolsVersion = 12.2;
						TestTargetID = 2D41D91625AF7BA70060EE4A;
					};
				};
			};
			buildConfigurationList = 2D41D91225AF7BA70060EE4A /* Build configuration list for PBXProject "Pathy" */;
			compatibilityVersion = "Xcode 9.3";
			developmentRegion = en;
			hasScannedForEncodings = 0;
			knownRegions = (
				en,
				Base,
			);
			mainGroup = 2D41D90E25AF7BA70060EE4A;
			productRefGroup = 2D41D91825AF7BA70060EE4A /* Products */;
			projectDirPath = "";
			projectRoot = "";
			targets = (
				2D41D91625AF7BA70060EE4A /* Pathy */,
				2D41D92C25AF7BAA0060EE4A /* PathyTests */,
				2D41D93725AF7BAA0060EE4A /* PathyUITests */,
			);
		};
/* End PBXProject section */

/* Begin PBXResourcesBuildPhase section */
		2D41D91525AF7BA70060EE4A /* Resources */ = {
			isa = PBXResourcesBuildPhase;
			buildActionMask = 2147483647;
			files = (
				2D41D92725AF7BAA0060EE4A /* LaunchScreen.storyboard in Resources */,
				2D534A5B25AFA883003B1686 /* GoogleService-Info.plist in Resources */,
				2D41D92425AF7BAA0060EE4A /* Assets.xcassets in Resources */,
				2D41D92225AF7BA70060EE4A /* Main.storyboard in Resources */,
			);
			runOnlyForDeploymentPostprocessing = 0;
		};
		2D41D92B25AF7BAA0060EE4A /* Resources */ = {
			isa = PBXResourcesBuildPhase;
			buildActionMask = 2147483647;
			files = (
			);
			runOnlyForDeploymentPostprocessing = 0;
		};
		2D41D93625AF7BAA0060EE4A /* Resources */ = {
			isa = PBXResourcesBuildPhase;
			buildActionMask = 2147483647;
			files = (
			);
			runOnlyForDeploymentPostprocessing = 0;
		};
/* End PBXResourcesBuildPhase section */

/* Begin PBXShellScriptBuildPhase section */
		2445E2289FA9898066FEC995 /* [CP] Embed Pods Frameworks */ = {
			isa = PBXShellScriptBuildPhase;
			buildActionMask = 2147483647;
			files = (
			);
			inputFileListPaths = (
				"${PODS_ROOT}/Target Support Files/Pods-Pathy/Pods-Pathy-frameworks-${CONFIGURATION}-input-files.xcfilelist",
			);
			name = "[CP] Embed Pods Frameworks";
			outputFileListPaths = (
				"${PODS_ROOT}/Target Support Files/Pods-Pathy/Pods-Pathy-frameworks-${CONFIGURATION}-output-files.xcfilelist",
			);
			runOnlyForDeploymentPostprocessing = 0;
			shellPath = /bin/sh;
			shellScript = "\"${PODS_ROOT}/Target Support Files/Pods-Pathy/Pods-Pathy-frameworks.sh\"\n";
			showEnvVarsInLog = 0;
		};
		28D53236531AF6D6395CC668 /* [CP] Embed Pods Frameworks */ = {
			isa = PBXShellScriptBuildPhase;
			buildActionMask = 2147483647;
			files = (
			);
			inputFileListPaths = (
				"${PODS_ROOT}/Target Support Files/Pods-Pathy-PathyUITests/Pods-Pathy-PathyUITests-frameworks-${CONFIGURATION}-input-files.xcfilelist",
			);
			name = "[CP] Embed Pods Frameworks";
			outputFileListPaths = (
				"${PODS_ROOT}/Target Support Files/Pods-Pathy-PathyUITests/Pods-Pathy-PathyUITests-frameworks-${CONFIGURATION}-output-files.xcfilelist",
			);
			runOnlyForDeploymentPostprocessing = 0;
			shellPath = /bin/sh;
			shellScript = "\"${PODS_ROOT}/Target Support Files/Pods-Pathy-PathyUITests/Pods-Pathy-PathyUITests-frameworks.sh\"\n";
			showEnvVarsInLog = 0;
		};
		47150DB7611C2F3ACD9A3DDA /* [CP] Check Pods Manifest.lock */ = {
			isa = PBXShellScriptBuildPhase;
			buildActionMask = 2147483647;
			files = (
			);
			inputFileListPaths = (
			);
			inputPaths = (
				"${PODS_PODFILE_DIR_PATH}/Podfile.lock",
				"${PODS_ROOT}/Manifest.lock",
			);
			name = "[CP] Check Pods Manifest.lock";
			outputFileListPaths = (
			);
			outputPaths = (
				"$(DERIVED_FILE_DIR)/Pods-PathyTests-checkManifestLockResult.txt",
			);
			runOnlyForDeploymentPostprocessing = 0;
			shellPath = /bin/sh;
			shellScript = "diff \"${PODS_PODFILE_DIR_PATH}/Podfile.lock\" \"${PODS_ROOT}/Manifest.lock\" > /dev/null\nif [ $? != 0 ] ; then\n    # print error to STDERR\n    echo \"error: The sandbox is not in sync with the Podfile.lock. Run 'pod install' or update your CocoaPods installation.\" >&2\n    exit 1\nfi\n# This output is used by Xcode 'outputs' to avoid re-running this script phase.\necho \"SUCCESS\" > \"${SCRIPT_OUTPUT_FILE_0}\"\n";
			showEnvVarsInLog = 0;
		};
		DBA7618DE187A74ECE67269E /* [CP] Check Pods Manifest.lock */ = {
			isa = PBXShellScriptBuildPhase;
			buildActionMask = 2147483647;
			files = (
			);
			inputFileListPaths = (
			);
			inputPaths = (
				"${PODS_PODFILE_DIR_PATH}/Podfile.lock",
				"${PODS_ROOT}/Manifest.lock",
			);
			name = "[CP] Check Pods Manifest.lock";
			outputFileListPaths = (
			);
			outputPaths = (
				"$(DERIVED_FILE_DIR)/Pods-Pathy-PathyUITests-checkManifestLockResult.txt",
			);
			runOnlyForDeploymentPostprocessing = 0;
			shellPath = /bin/sh;
			shellScript = "diff \"${PODS_PODFILE_DIR_PATH}/Podfile.lock\" \"${PODS_ROOT}/Manifest.lock\" > /dev/null\nif [ $? != 0 ] ; then\n    # print error to STDERR\n    echo \"error: The sandbox is not in sync with the Podfile.lock. Run 'pod install' or update your CocoaPods installation.\" >&2\n    exit 1\nfi\n# This output is used by Xcode 'outputs' to avoid re-running this script phase.\necho \"SUCCESS\" > \"${SCRIPT_OUTPUT_FILE_0}\"\n";
			showEnvVarsInLog = 0;
		};
		E476A71E6071282DE2AB18EE /* [CP] Check Pods Manifest.lock */ = {
			isa = PBXShellScriptBuildPhase;
			buildActionMask = 2147483647;
			files = (
			);
			inputFileListPaths = (
			);
			inputPaths = (
				"${PODS_PODFILE_DIR_PATH}/Podfile.lock",
				"${PODS_ROOT}/Manifest.lock",
			);
			name = "[CP] Check Pods Manifest.lock";
			outputFileListPaths = (
			);
			outputPaths = (
				"$(DERIVED_FILE_DIR)/Pods-Pathy-checkManifestLockResult.txt",
			);
			runOnlyForDeploymentPostprocessing = 0;
			shellPath = /bin/sh;
			shellScript = "diff \"${PODS_PODFILE_DIR_PATH}/Podfile.lock\" \"${PODS_ROOT}/Manifest.lock\" > /dev/null\nif [ $? != 0 ] ; then\n    # print error to STDERR\n    echo \"error: The sandbox is not in sync with the Podfile.lock. Run 'pod install' or update your CocoaPods installation.\" >&2\n    exit 1\nfi\n# This output is used by Xcode 'outputs' to avoid re-running this script phase.\necho \"SUCCESS\" > \"${SCRIPT_OUTPUT_FILE_0}\"\n";
			showEnvVarsInLog = 0;
		};
/* End PBXShellScriptBuildPhase section */

/* Begin PBXSourcesBuildPhase section */
		2D41D91325AF7BA70060EE4A /* Sources */ = {
			isa = PBXSourcesBuildPhase;
			buildActionMask = 2147483647;
			files = (
				2D41D91F25AF7BA70060EE4A /* TimelineViewController.swift in Sources */,
				2D98104E25B38D7A00E6DC82 /* Map1ViewController.swift in Sources */,
				2D534A7825AFB041003B1686 /* DatabaseManager.swift in Sources */,
				2DA4136725B640DF00181556 /* LocationPickerViewController.swift in Sources */,
				2D41D91B25AF7BA70060EE4A /* AppDelegate.swift in Sources */,
				2DA4136C25B8844700181556 /* SettingViewController.swift in Sources */,
				2D534A7D25AFB04B003B1686 /* StorageManager.swift in Sources */,
				2D41D96625AF85CE0060EE4A /* ExploreViewController.swift in Sources */,
				2D534A6825AFAAC3003B1686 /* RegistrationViewController.swift in Sources */,
				2D41D96125AF85C00060EE4A /* ProfileViewController.swift in Sources */,
				2D980FDE25B13EB100E6DC82 /* ActionButtonViewController.swift in Sources */,
				2D534A7325AFAF8B003B1686 /* AuthManger.swift in Sources */,
				2D534A6025AFAAA6003B1686 /* LoginViewController.swift in Sources */,
				2D41D96B25AF8DCB0060EE4A /* CameraViewController.swift in Sources */,
				2D41D95925AF85B60060EE4A /* NotificationViewController.swift in Sources */,
				2D41D91D25AF7BA70060EE4A /* SceneDelegate.swift in Sources */,
				2D98104925B350AF00E6DC82 /* MapViewController.swift in Sources */,
				2D98103525B1F7D600E6DC82 /* Extensions.swift in Sources */,
			);
			runOnlyForDeploymentPostprocessing = 0;
		};
		2D41D92925AF7BAA0060EE4A /* Sources */ = {
			isa = PBXSourcesBuildPhase;
			buildActionMask = 2147483647;
			files = (
			);
			runOnlyForDeploymentPostprocessing = 0;
		};
		2D41D93425AF7BAA0060EE4A /* Sources */ = {
			isa = PBXSourcesBuildPhase;
			buildActionMask = 2147483647;
			files = (
			);
			runOnlyForDeploymentPostprocessing = 0;
		};
/* End PBXSourcesBuildPhase section */

/* Begin PBXTargetDependency section */
		2D41D92F25AF7BAA0060EE4A /* PBXTargetDependency */ = {
			isa = PBXTargetDependency;
			target = 2D41D91625AF7BA70060EE4A /* Pathy */;
			targetProxy = 2D41D92E25AF7BAA0060EE4A /* PBXContainerItemProxy */;
		};
		2D41D93A25AF7BAA0060EE4A /* PBXTargetDependency */ = {
			isa = PBXTargetDependency;
			target = 2D41D91625AF7BA70060EE4A /* Pathy */;
			targetProxy = 2D41D93925AF7BAA0060EE4A /* PBXContainerItemProxy */;
		};
/* End PBXTargetDependency section */

/* Begin PBXVariantGroup section */
		2D41D92025AF7BA70060EE4A /* Main.storyboard */ = {
			isa = PBXVariantGroup;
			children = (
				2D41D92125AF7BA70060EE4A /* Base */,
			);
			name = Main.storyboard;
			sourceTree = "<group>";
		};
		2D41D92525AF7BAA0060EE4A /* LaunchScreen.storyboard */ = {
			isa = PBXVariantGroup;
			children = (
				2D41D92625AF7BAA0060EE4A /* Base */,
			);
			name = LaunchScreen.storyboard;
			sourceTree = "<group>";
		};
/* End PBXVariantGroup section */

/* Begin XCBuildConfiguration section */
		2D41D93F25AF7BAA0060EE4A /* Debug */ = {
			isa = XCBuildConfiguration;
			buildSettings = {
				ALWAYS_SEARCH_USER_PATHS = NO;
				CLANG_ANALYZER_NONNULL = YES;
				CLANG_ANALYZER_NUMBER_OBJECT_CONVERSION = YES_AGGRESSIVE;
				CLANG_CXX_LANGUAGE_STANDARD = "gnu++14";
				CLANG_CXX_LIBRARY = "libc++";
				CLANG_ENABLE_MODULES = YES;
				CLANG_ENABLE_OBJC_ARC = YES;
				CLANG_ENABLE_OBJC_WEAK = YES;
				CLANG_WARN_BLOCK_CAPTURE_AUTORELEASING = YES;
				CLANG_WARN_BOOL_CONVERSION = YES;
				CLANG_WARN_COMMA = YES;
				CLANG_WARN_CONSTANT_CONVERSION = YES;
				CLANG_WARN_DEPRECATED_OBJC_IMPLEMENTATIONS = YES;
				CLANG_WARN_DIRECT_OBJC_ISA_USAGE = YES_ERROR;
				CLANG_WARN_DOCUMENTATION_COMMENTS = YES;
				CLANG_WARN_EMPTY_BODY = YES;
				CLANG_WARN_ENUM_CONVERSION = YES;
				CLANG_WARN_INFINITE_RECURSION = YES;
				CLANG_WARN_INT_CONVERSION = YES;
				CLANG_WARN_NON_LITERAL_NULL_CONVERSION = YES;
				CLANG_WARN_OBJC_IMPLICIT_RETAIN_SELF = YES;
				CLANG_WARN_OBJC_LITERAL_CONVERSION = YES;
				CLANG_WARN_OBJC_ROOT_CLASS = YES_ERROR;
				CLANG_WARN_QUOTED_INCLUDE_IN_FRAMEWORK_HEADER = YES;
				CLANG_WARN_RANGE_LOOP_ANALYSIS = YES;
				CLANG_WARN_STRICT_PROTOTYPES = YES;
				CLANG_WARN_SUSPICIOUS_MOVE = YES;
				CLANG_WARN_UNGUARDED_AVAILABILITY = YES_AGGRESSIVE;
				CLANG_WARN_UNREACHABLE_CODE = YES;
				CLANG_WARN__DUPLICATE_METHOD_MATCH = YES;
				COPY_PHASE_STRIP = NO;
				DEBUG_INFORMATION_FORMAT = dwarf;
				ENABLE_STRICT_OBJC_MSGSEND = YES;
				ENABLE_TESTABILITY = YES;
				GCC_C_LANGUAGE_STANDARD = gnu11;
				GCC_DYNAMIC_NO_PIC = NO;
				GCC_NO_COMMON_BLOCKS = YES;
				GCC_OPTIMIZATION_LEVEL = 0;
				GCC_PREPROCESSOR_DEFINITIONS = (
					"DEBUG=1",
					"$(inherited)",
				);
				GCC_WARN_64_TO_32_BIT_CONVERSION = YES;
				GCC_WARN_ABOUT_RETURN_TYPE = YES_ERROR;
				GCC_WARN_UNDECLARED_SELECTOR = YES;
				GCC_WARN_UNINITIALIZED_AUTOS = YES_AGGRESSIVE;
				GCC_WARN_UNUSED_FUNCTION = YES;
				GCC_WARN_UNUSED_VARIABLE = YES;
				IPHONEOS_DEPLOYMENT_TARGET = 14.2;
				MTL_ENABLE_DEBUG_INFO = INCLUDE_SOURCE;
				MTL_FAST_MATH = YES;
				ONLY_ACTIVE_ARCH = YES;
				SDKROOT = iphoneos;
				SWIFT_ACTIVE_COMPILATION_CONDITIONS = DEBUG;
				SWIFT_OPTIMIZATION_LEVEL = "-Onone";
			};
			name = Debug;
		};
		2D41D94025AF7BAA0060EE4A /* Release */ = {
			isa = XCBuildConfiguration;
			buildSettings = {
				ALWAYS_SEARCH_USER_PATHS = NO;
				CLANG_ANALYZER_NONNULL = YES;
				CLANG_ANALYZER_NUMBER_OBJECT_CONVERSION = YES_AGGRESSIVE;
				CLANG_CXX_LANGUAGE_STANDARD = "gnu++14";
				CLANG_CXX_LIBRARY = "libc++";
				CLANG_ENABLE_MODULES = YES;
				CLANG_ENABLE_OBJC_ARC = YES;
				CLANG_ENABLE_OBJC_WEAK = YES;
				CLANG_WARN_BLOCK_CAPTURE_AUTORELEASING = YES;
				CLANG_WARN_BOOL_CONVERSION = YES;
				CLANG_WARN_COMMA = YES;
				CLANG_WARN_CONSTANT_CONVERSION = YES;
				CLANG_WARN_DEPRECATED_OBJC_IMPLEMENTATIONS = YES;
				CLANG_WARN_DIRECT_OBJC_ISA_USAGE = YES_ERROR;
				CLANG_WARN_DOCUMENTATION_COMMENTS = YES;
				CLANG_WARN_EMPTY_BODY = YES;
				CLANG_WARN_ENUM_CONVERSION = YES;
				CLANG_WARN_INFINITE_RECURSION = YES;
				CLANG_WARN_INT_CONVERSION = YES;
				CLANG_WARN_NON_LITERAL_NULL_CONVERSION = YES;
				CLANG_WARN_OBJC_IMPLICIT_RETAIN_SELF = YES;
				CLANG_WARN_OBJC_LITERAL_CONVERSION = YES;
				CLANG_WARN_OBJC_ROOT_CLASS = YES_ERROR;
				CLANG_WARN_QUOTED_INCLUDE_IN_FRAMEWORK_HEADER = YES;
				CLANG_WARN_RANGE_LOOP_ANALYSIS = YES;
				CLANG_WARN_STRICT_PROTOTYPES = YES;
				CLANG_WARN_SUSPICIOUS_MOVE = YES;
				CLANG_WARN_UNGUARDED_AVAILABILITY = YES_AGGRESSIVE;
				CLANG_WARN_UNREACHABLE_CODE = YES;
				CLANG_WARN__DUPLICATE_METHOD_MATCH = YES;
				COPY_PHASE_STRIP = NO;
				DEBUG_INFORMATION_FORMAT = "dwarf-with-dsym";
				ENABLE_NS_ASSERTIONS = NO;
				ENABLE_STRICT_OBJC_MSGSEND = YES;
				GCC_C_LANGUAGE_STANDARD = gnu11;
				GCC_NO_COMMON_BLOCKS = YES;
				GCC_WARN_64_TO_32_BIT_CONVERSION = YES;
				GCC_WARN_ABOUT_RETURN_TYPE = YES_ERROR;
				GCC_WARN_UNDECLARED_SELECTOR = YES;
				GCC_WARN_UNINITIALIZED_AUTOS = YES_AGGRESSIVE;
				GCC_WARN_UNUSED_FUNCTION = YES;
				GCC_WARN_UNUSED_VARIABLE = YES;
				IPHONEOS_DEPLOYMENT_TARGET = 14.2;
				MTL_ENABLE_DEBUG_INFO = NO;
				MTL_FAST_MATH = YES;
				SDKROOT = iphoneos;
				SWIFT_COMPILATION_MODE = wholemodule;
				SWIFT_OPTIMIZATION_LEVEL = "-O";
				VALIDATE_PRODUCT = YES;
			};
			name = Release;
		};
		2D41D94225AF7BAA0060EE4A /* Debug */ = {
			isa = XCBuildConfiguration;
			baseConfigurationReference = 4F618B133C5B1BF39B891F63 /* Pods-Pathy.debug.xcconfig */;
			buildSettings = {
				ASSETCATALOG_COMPILER_APPICON_NAME = AppIcon;
				ASSETCATALOG_COMPILER_GLOBAL_ACCENT_COLOR_NAME = AccentColor;
				CODE_SIGN_STYLE = Automatic;
				INFOPLIST_FILE = Pathy/Info.plist;
				IPHONEOS_DEPLOYMENT_TARGET = 14.2;
				LD_RUNPATH_SEARCH_PATHS = (
					"$(inherited)",
					"@executable_path/Frameworks",
				);
				PRODUCT_BUNDLE_IDENTIFIER = Path.Pathy;
				PRODUCT_NAME = "$(TARGET_NAME)";
				SWIFT_VERSION = 5.0;
				TARGETED_DEVICE_FAMILY = "1,2";
			};
			name = Debug;
		};
		2D41D94325AF7BAA0060EE4A /* Release */ = {
			isa = XCBuildConfiguration;
			baseConfigurationReference = 55F1576A3D97591A395F40B1 /* Pods-Pathy.release.xcconfig */;
			buildSettings = {
				ASSETCATALOG_COMPILER_APPICON_NAME = AppIcon;
				ASSETCATALOG_COMPILER_GLOBAL_ACCENT_COLOR_NAME = AccentColor;
				CODE_SIGN_STYLE = Automatic;
				INFOPLIST_FILE = Pathy/Info.plist;
				IPHONEOS_DEPLOYMENT_TARGET = 14.2;
				LD_RUNPATH_SEARCH_PATHS = (
					"$(inherited)",
					"@executable_path/Frameworks",
				);
				PRODUCT_BUNDLE_IDENTIFIER = Path.Pathy;
				PRODUCT_NAME = "$(TARGET_NAME)";
				SWIFT_VERSION = 5.0;
				TARGETED_DEVICE_FAMILY = "1,2";
			};
			name = Release;
		};
		2D41D94525AF7BAA0060EE4A /* Debug */ = {
			isa = XCBuildConfiguration;
			baseConfigurationReference = 1CE0FBE79BC7FA49E841403A /* Pods-PathyTests.debug.xcconfig */;
			buildSettings = {
				ALWAYS_EMBED_SWIFT_STANDARD_LIBRARIES = YES;
				BUNDLE_LOADER = "$(TEST_HOST)";
				CODE_SIGN_STYLE = Automatic;
				INFOPLIST_FILE = PathyTests/Info.plist;
				IPHONEOS_DEPLOYMENT_TARGET = 14.2;
				LD_RUNPATH_SEARCH_PATHS = (
					"$(inherited)",
					"@executable_path/Frameworks",
					"@loader_path/Frameworks",
				);
				PRODUCT_BUNDLE_IDENTIFIER = Path.PathyTests;
				PRODUCT_NAME = "$(TARGET_NAME)";
				SWIFT_VERSION = 5.0;
				TARGETED_DEVICE_FAMILY = "1,2";
				TEST_HOST = "$(BUILT_PRODUCTS_DIR)/Pathy.app/Pathy";
			};
			name = Debug;
		};
		2D41D94625AF7BAA0060EE4A /* Release */ = {
			isa = XCBuildConfiguration;
			baseConfigurationReference = 7D022885FB78E14B0CA727FD /* Pods-PathyTests.release.xcconfig */;
			buildSettings = {
				ALWAYS_EMBED_SWIFT_STANDARD_LIBRARIES = YES;
				BUNDLE_LOADER = "$(TEST_HOST)";
				CODE_SIGN_STYLE = Automatic;
				INFOPLIST_FILE = PathyTests/Info.plist;
				IPHONEOS_DEPLOYMENT_TARGET = 14.2;
				LD_RUNPATH_SEARCH_PATHS = (
					"$(inherited)",
					"@executable_path/Frameworks",
					"@loader_path/Frameworks",
				);
				PRODUCT_BUNDLE_IDENTIFIER = Path.PathyTests;
				PRODUCT_NAME = "$(TARGET_NAME)";
				SWIFT_VERSION = 5.0;
				TARGETED_DEVICE_FAMILY = "1,2";
				TEST_HOST = "$(BUILT_PRODUCTS_DIR)/Pathy.app/Pathy";
			};
			name = Release;
		};
		2D41D94825AF7BAA0060EE4A /* Debug */ = {
			isa = XCBuildConfiguration;
			baseConfigurationReference = 786BA7425638CC8E562E23BB /* Pods-Pathy-PathyUITests.debug.xcconfig */;
			buildSettings = {
				ALWAYS_EMBED_SWIFT_STANDARD_LIBRARIES = YES;
				CODE_SIGN_STYLE = Automatic;
				INFOPLIST_FILE = PathyUITests/Info.plist;
				LD_RUNPATH_SEARCH_PATHS = (
					"$(inherited)",
					"@executable_path/Frameworks",
					"@loader_path/Frameworks",
				);
				PRODUCT_BUNDLE_IDENTIFIER = Path.PathyUITests;
				PRODUCT_NAME = "$(TARGET_NAME)";
				SWIFT_VERSION = 5.0;
				TARGETED_DEVICE_FAMILY = "1,2";
				TEST_TARGET_NAME = Pathy;
			};
			name = Debug;
		};
		2D41D94925AF7BAA0060EE4A /* Release */ = {
			isa = XCBuildConfiguration;
			baseConfigurationReference = 13CCD116461419DB692A6566 /* Pods-Pathy-PathyUITests.release.xcconfig */;
			buildSettings = {
				ALWAYS_EMBED_SWIFT_STANDARD_LIBRARIES = YES;
				CODE_SIGN_STYLE = Automatic;
				INFOPLIST_FILE = PathyUITests/Info.plist;
				LD_RUNPATH_SEARCH_PATHS = (
					"$(inherited)",
					"@executable_path/Frameworks",
					"@loader_path/Frameworks",
				);
				PRODUCT_BUNDLE_IDENTIFIER = Path.PathyUITests;
				PRODUCT_NAME = "$(TARGET_NAME)";
				SWIFT_VERSION = 5.0;
				TARGETED_DEVICE_FAMILY = "1,2";
				TEST_TARGET_NAME = Pathy;
			};
			name = Release;
		};
/* End XCBuildConfiguration section */

/* Begin XCConfigurationList section */
		2D41D91225AF7BA70060EE4A /* Build configuration list for PBXProject "Pathy" */ = {
			isa = XCConfigurationList;
			buildConfigurations = (
				2D41D93F25AF7BAA0060EE4A /* Debug */,
				2D41D94025AF7BAA0060EE4A /* Release */,
			);
			defaultConfigurationIsVisible = 0;
			defaultConfigurationName = Release;
		};
		2D41D94125AF7BAA0060EE4A /* Build configuration list for PBXNativeTarget "Pathy" */ = {
			isa = XCConfigurationList;
			buildConfigurations = (
				2D41D94225AF7BAA0060EE4A /* Debug */,
				2D41D94325AF7BAA0060EE4A /* Release */,
			);
			defaultConfigurationIsVisible = 0;
			defaultConfigurationName = Release;
		};
		2D41D94425AF7BAA0060EE4A /* Build configuration list for PBXNativeTarget "PathyTests" */ = {
			isa = XCConfigurationList;
			buildConfigurations = (
				2D41D94525AF7BAA0060EE4A /* Debug */,
				2D41D94625AF7BAA0060EE4A /* Release */,
			);
			defaultConfigurationIsVisible = 0;
			defaultConfigurationName = Release;
		};
		2D41D94725AF7BAA0060EE4A /* Build configuration list for PBXNativeTarget "PathyUITests" */ = {
			isa = XCConfigurationList;
			buildConfigurations = (
				2D41D94825AF7BAA0060EE4A /* Debug */,
				2D41D94925AF7BAA0060EE4A /* Release */,
			);
			defaultConfigurationIsVisible = 0;
			defaultConfigurationName = Release;
		};
/* End XCConfigurationList section */
	};
	rootObject = 2D41D90F25AF7BA70060EE4A /* Project object */;
}
